// !$*UTF8*$!
{
	archiveVersion = 1;
	classes = {
	};
	objectVersion = 50;
	objects = {

/* Begin PBXBuildFile section */
		E835F5AE229406780095A3AA /* AppDelegate.swift in Sources */ = {isa = PBXBuildFile; fileRef = E835F5AD229406780095A3AA /* AppDelegate.swift */; };
		E835F5B0229406780095A3AA /* ViewController.swift in Sources */ = {isa = PBXBuildFile; fileRef = E835F5AF229406780095A3AA /* ViewController.swift */; };
		E835F5C0229406F50095A3AA /* Main.storyboard in Resources */ = {isa = PBXBuildFile; fileRef = E835F5BF229406F50095A3AA /* Main.storyboard */; };
		E835F5C2229407190095A3AA /* LaunchScreen.storyboard in Resources */ = {isa = PBXBuildFile; fileRef = E835F5C1229407190095A3AA /* LaunchScreen.storyboard */; };
		E835F5D1229407CA0095A3AA /* ScoreDataCtrl.swift in Sources */ = {isa = PBXBuildFile; fileRef = E835F5C5229407C90095A3AA /* ScoreDataCtrl.swift */; };
		E835F5D2229407CA0095A3AA /* ZeichenTabelleViewController.swift in Sources */ = {isa = PBXBuildFile; fileRef = E835F5C6229407C90095A3AA /* ZeichenTabelleViewController.swift */; };
		E835F5D3229407CA0095A3AA /* ZenViewController.swift in Sources */ = {isa = PBXBuildFile; fileRef = E835F5C7229407C90095A3AA /* ZenViewController.swift */; };
		E835F5D4229407CA0095A3AA /* ZenMenueViewController.swift in Sources */ = {isa = PBXBuildFile; fileRef = E835F5C8229407C90095A3AA /* ZenMenueViewController.swift */; };
		E835F5D5229407CA0095A3AA /* MainViewProtocol.swift in Sources */ = {isa = PBXBuildFile; fileRef = E835F5C9229407C90095A3AA /* MainViewProtocol.swift */; };
		E835F5D6229407CA0095A3AA /* ArcadeDataCtrl.swift in Sources */ = {isa = PBXBuildFile; fileRef = E835F5CA229407C90095A3AA /* ArcadeDataCtrl.swift */; };
		E835F5D7229407CA0095A3AA /* ZenDataCtrl.swift in Sources */ = {isa = PBXBuildFile; fileRef = E835F5CB229407C90095A3AA /* ZenDataCtrl.swift */; };
		E835F5D8229407CA0095A3AA /* ArcadeViewController.swift in Sources */ = {isa = PBXBuildFile; fileRef = E835F5CC229407C90095A3AA /* ArcadeViewController.swift */; };
		E835F5D9229407CA0095A3AA /* ArcadeMenueViewController.swift in Sources */ = {isa = PBXBuildFile; fileRef = E835F5CD229407C90095A3AA /* ArcadeMenueViewController.swift */; };
		E835F5DA229407CA0095A3AA /* ScoreViewController.swift in Sources */ = {isa = PBXBuildFile; fileRef = E835F5CE229407C90095A3AA /* ScoreViewController.swift */; };
		E835F5DB229407CA0095A3AA /* ScoreObject.swift in Sources */ = {isa = PBXBuildFile; fileRef = E835F5CF229407CA0095A3AA /* ScoreObject.swift */; };
		E835F5DC229407CA0095A3AA /* KanaModel.swift in Sources */ = {isa = PBXBuildFile; fileRef = E835F5D0229407CA0095A3AA /* KanaModel.swift */; };
		E86E63F0229C7C7E00A409A0 /* Assets.xcassets in Resources */ = {isa = PBXBuildFile; fileRef = E86E63EF229C7C7E00A409A0 /* Assets.xcassets */; };
/* End PBXBuildFile section */

/* Begin PBXFileReference section */
		E835F5AA229406780095A3AA /* BeSensei.app */ = {isa = PBXFileReference; explicitFileType = wrapper.application; includeInIndex = 0; path = BeSensei.app; sourceTree = BUILT_PRODUCTS_DIR; };
		E835F5AD229406780095A3AA /* AppDelegate.swift */ = {isa = PBXFileReference; lastKnownFileType = sourcecode.swift; path = AppDelegate.swift; sourceTree = "<group>"; };
		E835F5AF229406780095A3AA /* ViewController.swift */ = {isa = PBXFileReference; lastKnownFileType = sourcecode.swift; path = ViewController.swift; sourceTree = "<group>"; };
		E835F5B9229406790095A3AA /* Info.plist */ = {isa = PBXFileReference; lastKnownFileType = text.plist.xml; path = Info.plist; sourceTree = "<group>"; };
		E835F5BF229406F50095A3AA /* Main.storyboard */ = {isa = PBXFileReference; fileEncoding = 4; lastKnownFileType = file.storyboard; path = Main.storyboard; sourceTree = "<group>"; };
		E835F5C1229407190095A3AA /* LaunchScreen.storyboard */ = {isa = PBXFileReference; fileEncoding = 4; lastKnownFileType = file.storyboard; path = LaunchScreen.storyboard; sourceTree = "<group>"; };
		E835F5C5229407C90095A3AA /* ScoreDataCtrl.swift */ = {isa = PBXFileReference; fileEncoding = 4; lastKnownFileType = sourcecode.swift; path = ScoreDataCtrl.swift; sourceTree = "<group>"; };
		E835F5C6229407C90095A3AA /* ZeichenTabelleViewController.swift */ = {isa = PBXFileReference; fileEncoding = 4; lastKnownFileType = sourcecode.swift; path = ZeichenTabelleViewController.swift; sourceTree = "<group>"; };
		E835F5C7229407C90095A3AA /* ZenViewController.swift */ = {isa = PBXFileReference; fileEncoding = 4; lastKnownFileType = sourcecode.swift; path = ZenViewController.swift; sourceTree = "<group>"; };
		E835F5C8229407C90095A3AA /* ZenMenueViewController.swift */ = {isa = PBXFileReference; fileEncoding = 4; lastKnownFileType = sourcecode.swift; path = ZenMenueViewController.swift; sourceTree = "<group>"; };
		E835F5C9229407C90095A3AA /* MainViewProtocol.swift */ = {isa = PBXFileReference; fileEncoding = 4; lastKnownFileType = sourcecode.swift; path = MainViewProtocol.swift; sourceTree = "<group>"; };
		E835F5CA229407C90095A3AA /* ArcadeDataCtrl.swift */ = {isa = PBXFileReference; fileEncoding = 4; lastKnownFileType = sourcecode.swift; path = ArcadeDataCtrl.swift; sourceTree = "<group>"; };
		E835F5CB229407C90095A3AA /* ZenDataCtrl.swift */ = {isa = PBXFileReference; fileEncoding = 4; lastKnownFileType = sourcecode.swift; path = ZenDataCtrl.swift; sourceTree = "<group>"; };
		E835F5CC229407C90095A3AA /* ArcadeViewController.swift */ = {isa = PBXFileReference; fileEncoding = 4; lastKnownFileType = sourcecode.swift; path = ArcadeViewController.swift; sourceTree = "<group>"; };
		E835F5CD229407C90095A3AA /* ArcadeMenueViewController.swift */ = {isa = PBXFileReference; fileEncoding = 4; lastKnownFileType = sourcecode.swift; path = ArcadeMenueViewController.swift; sourceTree = "<group>"; };
		E835F5CE229407C90095A3AA /* ScoreViewController.swift */ = {isa = PBXFileReference; fileEncoding = 4; lastKnownFileType = sourcecode.swift; path = ScoreViewController.swift; sourceTree = "<group>"; };
		E835F5CF229407CA0095A3AA /* ScoreObject.swift */ = {isa = PBXFileReference; fileEncoding = 4; lastKnownFileType = sourcecode.swift; path = ScoreObject.swift; sourceTree = "<group>"; };
		E835F5D0229407CA0095A3AA /* KanaModel.swift */ = {isa = PBXFileReference; fileEncoding = 4; lastKnownFileType = sourcecode.swift; path = KanaModel.swift; sourceTree = "<group>"; };
		E86E63EF229C7C7E00A409A0 /* Assets.xcassets */ = {isa = PBXFileReference; lastKnownFileType = folder.assetcatalog; path = Assets.xcassets; sourceTree = "<group>"; };
/* End PBXFileReference section */

/* Begin PBXFrameworksBuildPhase section */
		E835F5A7229406780095A3AA /* Frameworks */ = {
			isa = PBXFrameworksBuildPhase;
			buildActionMask = 2147483647;
			files = (
			);
			runOnlyForDeploymentPostprocessing = 0;
		};
/* End PBXFrameworksBuildPhase section */

/* Begin PBXGroup section */
		E835F5A1229406770095A3AA = {
			isa = PBXGroup;
			children = (
				E835F5AC229406780095A3AA /* BeSensei */,
				E835F5AB229406780095A3AA /* Products */,
			);
			sourceTree = "<group>";
		};
		E835F5AB229406780095A3AA /* Products */ = {
			isa = PBXGroup;
			children = (
				E835F5AA229406780095A3AA /* BeSensei.app */,
			);
			name = Products;
			sourceTree = "<group>";
		};
		E835F5AC229406780095A3AA /* BeSensei */ = {
			isa = PBXGroup;
			children = (
				E88B95CB229C07A900454404 /* Zeichentabelle */,
				E88B95CA229C079900454404 /* Models */,
				E88B95C9229C071E00454404 /* Score */,
				E88B95C8229C070600454404 /* Zen */,
				E88B95C7229C06EB00454404 /* Arcade */,
				E835F5C9229407C90095A3AA /* MainViewProtocol.swift */,
				E835F5AD229406780095A3AA /* AppDelegate.swift */,
				E835F5AF229406780095A3AA /* ViewController.swift */,
				E835F5BF229406F50095A3AA /* Main.storyboard */,
				E86E63EF229C7C7E00A409A0 /* Assets.xcassets */,
				E835F5C1229407190095A3AA /* LaunchScreen.storyboard */,
				E835F5B9229406790095A3AA /* Info.plist */,
			);
			path = BeSensei;
			sourceTree = "<group>";
		};
		E88B95C7229C06EB00454404 /* Arcade */ = {
			isa = PBXGroup;
			children = (
				E835F5CA229407C90095A3AA /* ArcadeDataCtrl.swift */,
				E835F5CD229407C90095A3AA /* ArcadeMenueViewController.swift */,
				E835F5CC229407C90095A3AA /* ArcadeViewController.swift */,
			);
			path = Arcade;
			sourceTree = "<group>";
		};
		E88B95C8229C070600454404 /* Zen */ = {
			isa = PBXGroup;
			children = (
				E835F5C8229407C90095A3AA /* ZenMenueViewController.swift */,
				E835F5C7229407C90095A3AA /* ZenViewController.swift */,
				E835F5CB229407C90095A3AA /* ZenDataCtrl.swift */,
			);
			path = Zen;
			sourceTree = "<group>";
		};
		E88B95C9229C071E00454404 /* Score */ = {
			isa = PBXGroup;
			children = (
				E835F5C5229407C90095A3AA /* ScoreDataCtrl.swift */,
				E835F5CF229407CA0095A3AA /* ScoreObject.swift */,
				E835F5CE229407C90095A3AA /* ScoreViewController.swift */,
			);
			path = Score;
			sourceTree = "<group>";
		};
		E88B95CA229C079900454404 /* Models */ = {
			isa = PBXGroup;
			children = (
				E835F5D0229407CA0095A3AA /* KanaModel.swift */,
			);
			path = Models;
			sourceTree = "<group>";
		};
		E88B95CB229C07A900454404 /* Zeichentabelle */ = {
			isa = PBXGroup;
			children = (
				E835F5C6229407C90095A3AA /* ZeichenTabelleViewController.swift */,
			);
			path = Zeichentabelle;
			sourceTree = "<group>";
		};
/* End PBXGroup section */

/* Begin PBXNativeTarget section */
		E835F5A9229406780095A3AA /* BeSensei */ = {
			isa = PBXNativeTarget;
			buildConfigurationList = E835F5BC229406790095A3AA /* Build configuration list for PBXNativeTarget "BeSensei" */;
			buildPhases = (
				E835F5A6229406780095A3AA /* Sources */,
				E835F5A7229406780095A3AA /* Frameworks */,
				E835F5A8229406780095A3AA /* Resources */,
			);
			buildRules = (
			);
			dependencies = (
			);
			name = BeSensei;
			productName = BeSensei;
			productReference = E835F5AA229406780095A3AA /* BeSensei.app */;
			productType = "com.apple.product-type.application";
		};
/* End PBXNativeTarget section */

/* Begin PBXProject section */
		E835F5A2229406780095A3AA /* Project object */ = {
			isa = PBXProject;
			attributes = {
				LastSwiftUpdateCheck = 1020;
				LastUpgradeCheck = 1020;
				ORGANIZATIONNAME = "Angelina Scheler";
				TargetAttributes = {
					E835F5A9229406780095A3AA = {
						CreatedOnToolsVersion = 10.2.1;
					};
				};
			};
			buildConfigurationList = E835F5A5229406780095A3AA /* Build configuration list for PBXProject "BeSensei" */;
			compatibilityVersion = "Xcode 9.3";
			developmentRegion = en;
			hasScannedForEncodings = 0;
			knownRegions = (
				en,
				Base,
			);
			mainGroup = E835F5A1229406770095A3AA;
			productRefGroup = E835F5AB229406780095A3AA /* Products */;
			projectDirPath = "";
			projectRoot = "";
			targets = (
				E835F5A9229406780095A3AA /* BeSensei */,
			);
		};
/* End PBXProject section */

/* Begin PBXResourcesBuildPhase section */
		E835F5A8229406780095A3AA /* Resources */ = {
			isa = PBXResourcesBuildPhase;
			buildActionMask = 2147483647;
			files = (
				E835F5C2229407190095A3AA /* LaunchScreen.storyboard in Resources */,
				E86E63F0229C7C7E00A409A0 /* Assets.xcassets in Resources */,
				E835F5C0229406F50095A3AA /* Main.storyboard in Resources */,
			);
			runOnlyForDeploymentPostprocessing = 0;
		};
/* End PBXResourcesBuildPhase section */

/* Begin PBXSourcesBuildPhase section */
		E835F5A6229406780095A3AA /* Sources */ = {
			isa = PBXSourcesBuildPhase;
			buildActionMask = 2147483647;
			files = (
				E835F5B0229406780095A3AA /* ViewController.swift in Sources */,
				E835F5D4229407CA0095A3AA /* ZenMenueViewController.swift in Sources */,
				E835F5D8229407CA0095A3AA /* ArcadeViewController.swift in Sources */,
				E835F5D9229407CA0095A3AA /* ArcadeMenueViewController.swift in Sources */,
				E835F5D1229407CA0095A3AA /* ScoreDataCtrl.swift in Sources */,
				E835F5D3229407CA0095A3AA /* ZenViewController.swift in Sources */,
				E835F5DB229407CA0095A3AA /* ScoreObject.swift in Sources */,
				E835F5D5229407CA0095A3AA /* MainViewProtocol.swift in Sources */,
				E835F5D7229407CA0095A3AA /* ZenDataCtrl.swift in Sources */,
				E835F5AE229406780095A3AA /* AppDelegate.swift in Sources */,
				E835F5DC229407CA0095A3AA /* KanaModel.swift in Sources */,
				E835F5D6229407CA0095A3AA /* ArcadeDataCtrl.swift in Sources */,
				E835F5D2229407CA0095A3AA /* ZeichenTabelleViewController.swift in Sources */,
				E835F5DA229407CA0095A3AA /* ScoreViewController.swift in Sources */,
			);
			runOnlyForDeploymentPostprocessing = 0;
		};
/* End PBXSourcesBuildPhase section */

/* Begin XCBuildConfiguration section */
		E835F5BA229406790095A3AA /* Debug */ = {
			isa = XCBuildConfiguration;
			buildSettings = {
				ALWAYS_SEARCH_USER_PATHS = NO;
				CLANG_ANALYZER_NONNULL = YES;
				CLANG_ANALYZER_NUMBER_OBJECT_CONVERSION = YES_AGGRESSIVE;
				CLANG_CXX_LANGUAGE_STANDARD = "gnu++14";
				CLANG_CXX_LIBRARY = "libc++";
				CLANG_ENABLE_MODULES = YES;
				CLANG_ENABLE_OBJC_ARC = YES;
				CLANG_ENABLE_OBJC_WEAK = YES;
				CLANG_WARN_BLOCK_CAPTURE_AUTORELEASING = YES;
				CLANG_WARN_BOOL_CONVERSION = YES;
				CLANG_WARN_COMMA = YES;
				CLANG_WARN_CONSTANT_CONVERSION = YES;
				CLANG_WARN_DEPRECATED_OBJC_IMPLEMENTATIONS = YES;
				CLANG_WARN_DIRECT_OBJC_ISA_USAGE = YES_ERROR;
				CLANG_WARN_DOCUMENTATION_COMMENTS = YES;
				CLANG_WARN_EMPTY_BODY = YES;
				CLANG_WARN_ENUM_CONVERSION = YES;
				CLANG_WARN_INFINITE_RECURSION = YES;
				CLANG_WARN_INT_CONVERSION = YES;
				CLANG_WARN_NON_LITERAL_NULL_CONVERSION = YES;
				CLANG_WARN_OBJC_IMPLICIT_RETAIN_SELF = YES;
				CLANG_WARN_OBJC_LITERAL_CONVERSION = YES;
				CLANG_WARN_OBJC_ROOT_CLASS = YES_ERROR;
				CLANG_WARN_RANGE_LOOP_ANALYSIS = YES;
				CLANG_WARN_STRICT_PROTOTYPES = YES;
				CLANG_WARN_SUSPICIOUS_MOVE = YES;
				CLANG_WARN_UNGUARDED_AVAILABILITY = YES_AGGRESSIVE;
				CLANG_WARN_UNREACHABLE_CODE = YES;
				CLANG_WARN__DUPLICATE_METHOD_MATCH = YES;
				CODE_SIGN_IDENTITY = "iPhone Developer";
				COPY_PHASE_STRIP = NO;
				DEBUG_INFORMATION_FORMAT = dwarf;
				ENABLE_STRICT_OBJC_MSGSEND = YES;
				ENABLE_TESTABILITY = YES;
				GCC_C_LANGUAGE_STANDARD = gnu11;
				GCC_DYNAMIC_NO_PIC = NO;
				GCC_NO_COMMON_BLOCKS = YES;
				GCC_OPTIMIZATION_LEVEL = 0;
				GCC_PREPROCESSOR_DEFINITIONS = (
					"DEBUG=1",
					"$(inherited)",
				);
				GCC_WARN_64_TO_32_BIT_CONVERSION = YES;
				GCC_WARN_ABOUT_RETURN_TYPE = YES_ERROR;
				GCC_WARN_UNDECLARED_SELECTOR = YES;
				GCC_WARN_UNINITIALIZED_AUTOS = YES_AGGRESSIVE;
				GCC_WARN_UNUSED_FUNCTION = YES;
				GCC_WARN_UNUSED_VARIABLE = YES;
				IPHONEOS_DEPLOYMENT_TARGET = 12.2;
				MTL_ENABLE_DEBUG_INFO = INCLUDE_SOURCE;
				MTL_FAST_MATH = YES;
				ONLY_ACTIVE_ARCH = YES;
				SDKROOT = iphoneos;
				SWIFT_ACTIVE_COMPILATION_CONDITIONS = DEBUG;
				SWIFT_OPTIMIZATION_LEVEL = "-Onone";
			};
			name = Debug;
		};
		E835F5BB229406790095A3AA /* Release */ = {
			isa = XCBuildConfiguration;
			buildSettings = {
				ALWAYS_SEARCH_USER_PATHS = NO;
				CLANG_ANALYZER_NONNULL = YES;
				CLANG_ANALYZER_NUMBER_OBJECT_CONVERSION = YES_AGGRESSIVE;
				CLANG_CXX_LANGUAGE_STANDARD = "gnu++14";
				CLANG_CXX_LIBRARY = "libc++";
				CLANG_ENABLE_MODULES = YES;
				CLANG_ENABLE_OBJC_ARC = YES;
				CLANG_ENABLE_OBJC_WEAK = YES;
				CLANG_WARN_BLOCK_CAPTURE_AUTORELEASING = YES;
				CLANG_WARN_BOOL_CONVERSION = YES;
				CLANG_WARN_COMMA = YES;
				CLANG_WARN_CONSTANT_CONVERSION = YES;
				CLANG_WARN_DEPRECATED_OBJC_IMPLEMENTATIONS = YES;
				CLANG_WARN_DIRECT_OBJC_ISA_USAGE = YES_ERROR;
				CLANG_WARN_DOCUMENTATION_COMMENTS = YES;
				CLANG_WARN_EMPTY_BODY = YES;
				CLANG_WARN_ENUM_CONVERSION = YES;
				CLANG_WARN_INFINITE_RECURSION = YES;
				CLANG_WARN_INT_CONVERSION = YES;
				CLANG_WARN_NON_LITERAL_NULL_CONVERSION = YES;
				CLANG_WARN_OBJC_IMPLICIT_RETAIN_SELF = YES;
				CLANG_WARN_OBJC_LITERAL_CONVERSION = YES;
				CLANG_WARN_OBJC_ROOT_CLASS = YES_ERROR;
				CLANG_WARN_RANGE_LOOP_ANALYSIS = YES;
				CLANG_WARN_STRICT_PROTOTYPES = YES;
				CLANG_WARN_SUSPICIOUS_MOVE = YES;
				CLANG_WARN_UNGUARDED_AVAILABILITY = YES_AGGRESSIVE;
				CLANG_WARN_UNREACHABLE_CODE = YES;
				CLANG_WARN__DUPLICATE_METHOD_MATCH = YES;
				CODE_SIGN_IDENTITY = "iPhone Developer";
				COPY_PHASE_STRIP = NO;
				DEBUG_INFORMATION_FORMAT = "dwarf-with-dsym";
				ENABLE_NS_ASSERTIONS = NO;
				ENABLE_STRICT_OBJC_MSGSEND = YES;
				GCC_C_LANGUAGE_STANDARD = gnu11;
				GCC_NO_COMMON_BLOCKS = YES;
				GCC_WARN_64_TO_32_BIT_CONVERSION = YES;
				GCC_WARN_ABOUT_RETURN_TYPE = YES_ERROR;
				GCC_WARN_UNDECLARED_SELECTOR = YES;
				GCC_WARN_UNINITIALIZED_AUTOS = YES_AGGRESSIVE;
				GCC_WARN_UNUSED_FUNCTION = YES;
				GCC_WARN_UNUSED_VARIABLE = YES;
				IPHONEOS_DEPLOYMENT_TARGET = 12.2;
				MTL_ENABLE_DEBUG_INFO = NO;
				MTL_FAST_MATH = YES;
				SDKROOT = iphoneos;
				SWIFT_COMPILATION_MODE = wholemodule;
				SWIFT_OPTIMIZATION_LEVEL = "-O";
				VALIDATE_PRODUCT = YES;
			};
			name = Release;
		};
		E835F5BD229406790095A3AA /* Debug */ = {
			isa = XCBuildConfiguration;
			buildSettings = {
				ASSETCATALOG_COMPILER_APPICON_NAME = AppIcon;
				CODE_SIGN_STYLE = Automatic;
				INFOPLIST_FILE = BeSensei/Info.plist;
				LD_RUNPATH_SEARCH_PATHS = (
					"$(inherited)",
					"@executable_path/Frameworks",
				);
				PRODUCT_BUNDLE_IDENTIFIER = angelina.BeSensei;
				PRODUCT_NAME = "$(TARGET_NAME)";
				SWIFT_VERSION = 5.0;
				TARGETED_DEVICE_FAMILY = 1;
			};
			name = Debug;
		};
		E835F5BE229406790095A3AA /* Release */ = {
			isa = XCBuildConfiguration;
			buildSettings = {
				ASSETCATALOG_COMPILER_APPICON_NAME = AppIcon;
				CODE_SIGN_STYLE = Automatic;
				INFOPLIST_FILE = BeSensei/Info.plist;
				LD_RUNPATH_SEARCH_PATHS = (
					"$(inherited)",
					"@executable_path/Frameworks",
				);
				PRODUCT_BUNDLE_IDENTIFIER = angelina.BeSensei;
				PRODUCT_NAME = "$(TARGET_NAME)";
				SWIFT_VERSION = 5.0;
				TARGETED_DEVICE_FAMILY = 1;
			};
			name = Release;
		};
/* End XCBuildConfiguration section */

/* Begin XCConfigurationList section */
		E835F5A5229406780095A3AA /* Build configuration list for PBXProject "BeSensei" */ = {
			isa = XCConfigurationList;
			buildConfigurations = (
				E835F5BA229406790095A3AA /* Debug */,
				E835F5BB229406790095A3AA /* Release */,
			);
			defaultConfigurationIsVisible = 0;
			defaultConfigurationName = Release;
		};
		E835F5BC229406790095A3AA /* Build configuration list for PBXNativeTarget "BeSensei" */ = {
			isa = XCConfigurationList;
			buildConfigurations = (
				E835F5BD229406790095A3AA /* Debug */,
				E835F5BE229406790095A3AA /* Release */,
			);
			defaultConfigurationIsVisible = 0;
			defaultConfigurationName = Release;
		};
/* End XCConfigurationList section */
	};
	rootObject = E835F5A2229406780095A3AA /* Project object */;
}
